
Microsoft Visual Studio Solution File, Format Version 12.00
# Visual Studio Version 17
VisualStudioVersion = 17.11.35327.3
MinimumVisualStudioVersion = 10.0.40219.1
Project("{FAE04EC0-301F-11D3-BF4B-00C04F79EFBC}") = "Akademine_sistema", "Akademine_sistema\Akademine_sistema.csproj", "{AAA9CCA6-8AEA-4531-9487-6E23D1D313D1}"
EndProject
Global
	GlobalSection(SolutionConfigurationPlatforms) = preSolution
		Debug|Any CPU = Debug|Any CPU
		Release|Any CPU = Release|Any CPU
	EndGlobalSection
	GlobalSection(ProjectConfigurationPlatforms) = postSolution
		{AAA9CCA6-8AEA-4531-9487-6E23D1D313D1}.Debug|Any CPU.ActiveCfg = Debug|Any CPU
		{AAA9CCA6-8AEA-4531-9487-6E23D1D313D1}.Debug|Any CPU.Build.0 = Debug|Any CPU
		{AAA9CCA6-8AEA-4531-9487-6E23D1D313D1}.Release|Any CPU.ActiveCfg = Release|Any CPU
		{AAA9CCA6-8AEA-4531-9487-6E23D1D313D1}.Release|Any CPU.Build.0 = Release|Any CPU
	EndGlobalSection
	GlobalSection(SolutionProperties) = preSolution
		HideSolutionNode = FALSE
	EndGlobalSection
	GlobalSection(ExtensibilityGlobals) = postSolution
		SolutionGuid = {B1377830-B3CC-4C1D-B1C0-3D96F3562B9B}
	EndGlobalSection
EndGlobal
